
Microsoft Visual Studio Solution File, Format Version 12.00
# Visual Studio Version 17
VisualStudioVersion = 17.8.34212.112
MinimumVisualStudioVersion = 10.0.40219.1
Project("{FAE04EC0-301F-11D3-BF4B-00C04F79EFBC}") = "TestToolbarItem", "TestToolbarItem.csproj", "{A7FDF526-8217-4A5E-A196-68769562BF6B}"
EndProject
Global
	GlobalSection(SolutionConfigurationPlatforms) = preSolution
		Debug|Any CPU = Debug|Any CPU
		Release|Any CPU = Release|Any CPU
	EndGlobalSection
	GlobalSection(ProjectConfigurationPlatforms) = postSolution
		{A7FDF526-8217-4A5E-A196-68769562BF6B}.Debug|Any CPU.ActiveCfg = Debug|Any CPU
		{A7FDF526-8217-4A5E-A196-68769562BF6B}.Debug|Any CPU.Build.0 = Debug|Any CPU
		{A7FDF526-8217-4A5E-A196-68769562BF6B}.Debug|Any CPU.Deploy.0 = Debug|Any CPU
		{A7FDF526-8217-4A5E-A196-68769562BF6B}.Release|Any CPU.ActiveCfg = Release|Any CPU
		{A7FDF526-8217-4A5E-A196-68769562BF6B}.Release|Any CPU.Build.0 = Release|Any CPU
		{A7FDF526-8217-4A5E-A196-68769562BF6B}.Release|Any CPU.Deploy.0 = Release|Any CPU
	EndGlobalSection
	GlobalSection(SolutionProperties) = preSolution
		HideSolutionNode = FALSE
	EndGlobalSection
	GlobalSection(ExtensibilityGlobals) = postSolution
		SolutionGuid = {CD429E97-35AA-48B4-B882-1C1A78BBF35C}
	EndGlobalSection
EndGlobal
